# ==============================================================================
block_athena_4211:
  heading: Producten
  image_src: "slide-11.jpg"
  image_alt: "&nbsp;"
  content:
    - html_fragment: <p>Amet esse delectus molestiae ut sint aut doloribus blanditiis delectus sit explicabo aspernatur quos Ipsa omnis aliquam dolorem et excepturi reiciendis est laudantium autem corrupti aperiam.</p>
    - html_fragment: <p>Natus rem reprehenderit possimus consequatur sint earum Nihil totam repellendus quas harum sapiente sint saepe iure autem commodi.</p>
  button_text: Producten
  button_link: producten.html
# ==============================================================================
block_athena_4212:
  heading: Bedrijf
  image_src: "slide-12.jpg"
  image_alt: "&nbsp;"
  content:
    - html_fragment: <p>Facere quos officia dolores neque nobis asperiores Quas ea et est impedit.</p>
    - html_fragment: <p>Dignissimos eaque eum labore qui dignissimos excepturi consequatur quis ut maxime qui qui voluptates Omnis aspernatur minus debitis aperiam quia itaque est amet et voluptatem dolorum maiores.</p>
  button_text: Bedrijf
  button_link: bedrijf.html
# ==============================================================================
block_athena_4213:
  heading: Contact
  image_src: "slide-13.jpg"
  image_alt: "&nbsp;"
  content:
    - html_fragment: <p>Voluptas temporibus accusamus esse magni voluptas deleniti reiciendis aperiam quidem eveniet. beatae eligendi autem rerum vero aliquam. autem aperiam magnam aut labore cumque explicabo laudantium architecto est. enim ipsam est et non harum veniam natus suscipit delectus qui et.</p>
  button_text: Contact
  button_link: contact.html
# ==============================================================================
block_athena_511M1:
  md_bestand: "block_athena_511M1.md"
# ==============================================================================
block_athena_511M2:
  md_bestand: "block_athena_511M2.md"
# ==============================================================================
block_athena_511M3:
  md_bestand: "block_athena_511M3.md"
# ==============================================================================
block_athena_6111:
  heading: Fugit
  content:
    - html_fragment: <p>Placeat molestiae numquam qui et <br>Nisi maxime esse et numquam eos est iure soluta accusantium aut</p>
    - html_fragment: <p>Sit expedita omnis corporis voluptatem debitis est quia et sit <br>quos pariatur quis odio Aut est et eius</p>
# ==============================================================================
block_athena_6112:
  heading: Sit
  content:
    - html_fragment: <p>Temporibus non sunt nobis eos vel aut Ea aut ea dolorum pariatur dolores quam sapiente quod iusto et quibusdam qui molestias optio</p>
    - html_fragment: <p>Quam nesciunt id molestias aut iure et optio hic quibusdam fugit adipisci eaque Inventore sit minus quas voluptas omnis beatae</p>
# ==============================================================================
block_athena_6113:
  heading: Ab
  content:
    - html_fragment: <p>Iusto asperiores qui dolores qui Nostrum similique quia minima soluta dicta rerum voluptate doloribus unde corporis ullam dolor</p>
    - html_fragment: <p>Vitae illum qui blanditiis error reiciendis dolor nihil Aut aut necessitatibus iste consequatur ea tempore ipsa rerum</p>
# ==============================================================================
block_athena_6114:
  heading: Est
  content:
    - html_fragment: <p>Dicta provident dolorem aut reprehenderit aliquid eos voluptas et Molestias eum et sed sit voluptas repellat numquam libero</p>
    - html_fragment: <p>Et dolorem ut et repellendus sapiente quo aut et adipisci In dolorem optio est modi neque exercitationem eum facilis aut molestiae</p>
# ==============================================================================
